// !$*UTF8*$!
{
	archiveVersion = 1;
	classes = {
	};
	objectVersion = 48;
	objects = {

/* Begin PBXBuildFile section */
		233C06D220402BF40001A266 /* AppDelegate.swift in Sources */ = {isa = PBXBuildFile; fileRef = 233C06D120402BF40001A266 /* AppDelegate.swift */; };
		233C06D420402BF40001A266 /* ViewController.swift in Sources */ = {isa = PBXBuildFile; fileRef = 233C06D320402BF40001A266 /* ViewController.swift */; };
		233C06D720402BF40001A266 /* Main.storyboard in Resources */ = {isa = PBXBuildFile; fileRef = 233C06D520402BF40001A266 /* Main.storyboard */; };
		233C06D920402BF40001A266 /* Assets.xcassets in Resources */ = {isa = PBXBuildFile; fileRef = 233C06D820402BF40001A266 /* Assets.xcassets */; };
		233C06DC20402BF40001A266 /* LaunchScreen.storyboard in Resources */ = {isa = PBXBuildFile; fileRef = 233C06DA20402BF40001A266 /* LaunchScreen.storyboard */; };
		233C06E720402BF40001A266 /* NotificationsTests.swift in Sources */ = {isa = PBXBuildFile; fileRef = 233C06E620402BF40001A266 /* NotificationsTests.swift */; };
		233C06F2204035E30001A266 /* gazetka.jpg in Resources */ = {isa = PBXBuildFile; fileRef = 233C06F1204035E30001A266 /* gazetka.jpg */; };
		233C06FA2040443B0001A266 /* UserNotifications.framework in Frameworks */ = {isa = PBXBuildFile; fileRef = 233C06F92040443B0001A266 /* UserNotifications.framework */; };
		233C06FC2040443B0001A266 /* UserNotificationsUI.framework in Frameworks */ = {isa = PBXBuildFile; fileRef = 233C06FB2040443B0001A266 /* UserNotificationsUI.framework */; };
		233C06FF2040443B0001A266 /* NotificationViewController.swift in Sources */ = {isa = PBXBuildFile; fileRef = 233C06FE2040443B0001A266 /* NotificationViewController.swift */; };
		233C07022040443B0001A266 /* MainInterface.storyboard in Resources */ = {isa = PBXBuildFile; fileRef = 233C07002040443B0001A266 /* MainInterface.storyboard */; };
		233C07062040443B0001A266 /* MyContentExtension.appex in Embed App Extensions */ = {isa = PBXBuildFile; fileRef = 233C06F72040443B0001A266 /* MyContentExtension.appex */; settings = {ATTRIBUTES = (RemoveHeadersOnCopy, ); }; };
/* End PBXBuildFile section */

/* Begin PBXContainerItemProxy section */
		233C06E320402BF40001A266 /* PBXContainerItemProxy */ = {
			isa = PBXContainerItemProxy;
			containerPortal = 233C06C620402BF30001A266 /* Project object */;
			proxyType = 1;
			remoteGlobalIDString = 233C06CD20402BF30001A266;
			remoteInfo = Notifications;
		};
		233C07042040443B0001A266 /* PBXContainerItemProxy */ = {
			isa = PBXContainerItemProxy;
			containerPortal = 233C06C620402BF30001A266 /* Project object */;
			proxyType = 1;
			remoteGlobalIDString = 233C06F62040443B0001A266;
			remoteInfo = MyContentExtension;
		};
/* End PBXContainerItemProxy section */

/* Begin PBXCopyFilesBuildPhase section */
		233C070A2040443B0001A266 /* Embed App Extensions */ = {
			isa = PBXCopyFilesBuildPhase;
			buildActionMask = 2147483647;
			dstPath = "";
			dstSubfolderSpec = 13;
			files = (
				233C07062040443B0001A266 /* MyContentExtension.appex in Embed App Extensions */,
			);
			name = "Embed App Extensions";
			runOnlyForDeploymentPostprocessing = 0;
		};
/* End PBXCopyFilesBuildPhase section */

/* Begin PBXFileReference section */
		233C06CE20402BF40001A266 /* Notifications.app */ = {isa = PBXFileReference; explicitFileType = wrapper.application; includeInIndex = 0; path = Notifications.app; sourceTree = BUILT_PRODUCTS_DIR; };
		233C06D120402BF40001A266 /* AppDelegate.swift */ = {isa = PBXFileReference; lastKnownFileType = sourcecode.swift; path = AppDelegate.swift; sourceTree = "<group>"; };
		233C06D320402BF40001A266 /* ViewController.swift */ = {isa = PBXFileReference; lastKnownFileType = sourcecode.swift; path = ViewController.swift; sourceTree = "<group>"; };
		233C06D620402BF40001A266 /* Base */ = {isa = PBXFileReference; lastKnownFileType = file.storyboard; name = Base; path = Base.lproj/Main.storyboard; sourceTree = "<group>"; };
		233C06D820402BF40001A266 /* Assets.xcassets */ = {isa = PBXFileReference; lastKnownFileType = folder.assetcatalog; path = Assets.xcassets; sourceTree = "<group>"; };
		233C06DB20402BF40001A266 /* Base */ = {isa = PBXFileReference; lastKnownFileType = file.storyboard; name = Base; path = Base.lproj/LaunchScreen.storyboard; sourceTree = "<group>"; };
		233C06DD20402BF40001A266 /* Info.plist */ = {isa = PBXFileReference; lastKnownFileType = text.plist.xml; path = Info.plist; sourceTree = "<group>"; };
		233C06E220402BF40001A266 /* NotificationsTests.xctest */ = {isa = PBXFileReference; explicitFileType = wrapper.cfbundle; includeInIndex = 0; path = NotificationsTests.xctest; sourceTree = BUILT_PRODUCTS_DIR; };
		233C06E620402BF40001A266 /* NotificationsTests.swift */ = {isa = PBXFileReference; lastKnownFileType = sourcecode.swift; path = NotificationsTests.swift; sourceTree = "<group>"; };
		233C06E820402BF40001A266 /* Info.plist */ = {isa = PBXFileReference; lastKnownFileType = text.plist.xml; path = Info.plist; sourceTree = "<group>"; };
		233C06F1204035E30001A266 /* gazetka.jpg */ = {isa = PBXFileReference; lastKnownFileType = image.jpeg; path = gazetka.jpg; sourceTree = "<group>"; };
		233C06F72040443B0001A266 /* MyContentExtension.appex */ = {isa = PBXFileReference; explicitFileType = "wrapper.app-extension"; includeInIndex = 0; path = MyContentExtension.appex; sourceTree = BUILT_PRODUCTS_DIR; };
		233C06F92040443B0001A266 /* UserNotifications.framework */ = {isa = PBXFileReference; lastKnownFileType = wrapper.framework; name = UserNotifications.framework; path = System/Library/Frameworks/UserNotifications.framework; sourceTree = SDKROOT; };
		233C06FB2040443B0001A266 /* UserNotificationsUI.framework */ = {isa = PBXFileReference; lastKnownFileType = wrapper.framework; name = UserNotificationsUI.framework; path = System/Library/Frameworks/UserNotificationsUI.framework; sourceTree = SDKROOT; };
		233C06FE2040443B0001A266 /* NotificationViewController.swift */ = {isa = PBXFileReference; lastKnownFileType = sourcecode.swift; path = NotificationViewController.swift; sourceTree = "<group>"; };
		233C07012040443B0001A266 /* Base */ = {isa = PBXFileReference; lastKnownFileType = file.storyboard; name = Base; path = Base.lproj/MainInterface.storyboard; sourceTree = "<group>"; };
		233C07032040443B0001A266 /* Info.plist */ = {isa = PBXFileReference; lastKnownFileType = text.plist.xml; path = Info.plist; sourceTree = "<group>"; };
/* End PBXFileReference section */

/* Begin PBXFrameworksBuildPhase section */
		233C06CB20402BF30001A266 /* Frameworks */ = {
			isa = PBXFrameworksBuildPhase;
			buildActionMask = 2147483647;
			files = (
			);
			runOnlyForDeploymentPostprocessing = 0;
		};
		233C06DF20402BF40001A266 /* Frameworks */ = {
			isa = PBXFrameworksBuildPhase;
			buildActionMask = 2147483647;
			files = (
			);
			runOnlyForDeploymentPostprocessing = 0;
		};
		233C06F42040443B0001A266 /* Frameworks */ = {
			isa = PBXFrameworksBuildPhase;
			buildActionMask = 2147483647;
			files = (
				233C06FC2040443B0001A266 /* UserNotificationsUI.framework in Frameworks */,
				233C06FA2040443B0001A266 /* UserNotifications.framework in Frameworks */,
			);
			runOnlyForDeploymentPostprocessing = 0;
		};
/* End PBXFrameworksBuildPhase section */

/* Begin PBXGroup section */
		233C06C520402BF30001A266 = {
			isa = PBXGroup;
			children = (
				233C06D020402BF40001A266 /* Notifications */,
				233C06FD2040443B0001A266 /* MyContentExtension */,
				233C06E520402BF40001A266 /* NotificationsTests */,
				233C06F82040443B0001A266 /* Frameworks */,
				233C06CF20402BF40001A266 /* Products */,
			);
			sourceTree = "<group>";
		};
		233C06CF20402BF40001A266 /* Products */ = {
			isa = PBXGroup;
			children = (
				233C06CE20402BF40001A266 /* Notifications.app */,
				233C06E220402BF40001A266 /* NotificationsTests.xctest */,
				233C06F72040443B0001A266 /* MyContentExtension.appex */,
			);
			name = Products;
			sourceTree = "<group>";
		};
		233C06D020402BF40001A266 /* Notifications */ = {
			isa = PBXGroup;
			children = (
				233C06D120402BF40001A266 /* AppDelegate.swift */,
				233C06D320402BF40001A266 /* ViewController.swift */,
				233C06D520402BF40001A266 /* Main.storyboard */,
				233C06D820402BF40001A266 /* Assets.xcassets */,
				233C06DA20402BF40001A266 /* LaunchScreen.storyboard */,
				233C06DD20402BF40001A266 /* Info.plist */,
				233C06F1204035E30001A266 /* gazetka.jpg */,
			);
			path = Notifications;
			sourceTree = "<group>";
		};
		233C06E520402BF40001A266 /* NotificationsTests */ = {
			isa = PBXGroup;
			children = (
				233C06E620402BF40001A266 /* NotificationsTests.swift */,
				233C06E820402BF40001A266 /* Info.plist */,
			);
			path = NotificationsTests;
			sourceTree = "<group>";
		};
		233C06F82040443B0001A266 /* Frameworks */ = {
			isa = PBXGroup;
			children = (
				233C06F92040443B0001A266 /* UserNotifications.framework */,
				233C06FB2040443B0001A266 /* UserNotificationsUI.framework */,
			);
			name = Frameworks;
			sourceTree = "<group>";
		};
		233C06FD2040443B0001A266 /* MyContentExtension */ = {
			isa = PBXGroup;
			children = (
				233C06FE2040443B0001A266 /* NotificationViewController.swift */,
				233C07002040443B0001A266 /* MainInterface.storyboard */,
				233C07032040443B0001A266 /* Info.plist */,
			);
			path = MyContentExtension;
			sourceTree = "<group>";
		};
/* End PBXGroup section */

/* Begin PBXNativeTarget section */
		233C06CD20402BF30001A266 /* Notifications */ = {
			isa = PBXNativeTarget;
			buildConfigurationList = 233C06EB20402BF40001A266 /* Build configuration list for PBXNativeTarget "Notifications" */;
			buildPhases = (
				233C06CA20402BF30001A266 /* Sources */,
				233C06CB20402BF30001A266 /* Frameworks */,
				233C06CC20402BF30001A266 /* Resources */,
				233C070A2040443B0001A266 /* Embed App Extensions */,
			);
			buildRules = (
			);
			dependencies = (
				233C07052040443B0001A266 /* PBXTargetDependency */,
			);
			name = Notifications;
			productName = Notifications;
			productReference = 233C06CE20402BF40001A266 /* Notifications.app */;
			productType = "com.apple.product-type.application";
		};
		233C06E120402BF40001A266 /* NotificationsTests */ = {
			isa = PBXNativeTarget;
			buildConfigurationList = 233C06EE20402BF40001A266 /* Build configuration list for PBXNativeTarget "NotificationsTests" */;
			buildPhases = (
				233C06DE20402BF40001A266 /* Sources */,
				233C06DF20402BF40001A266 /* Frameworks */,
				233C06E020402BF40001A266 /* Resources */,
			);
			buildRules = (
			);
			dependencies = (
				233C06E420402BF40001A266 /* PBXTargetDependency */,
			);
			name = NotificationsTests;
			productName = NotificationsTests;
			productReference = 233C06E220402BF40001A266 /* NotificationsTests.xctest */;
			productType = "com.apple.product-type.bundle.unit-test";
		};
		233C06F62040443B0001A266 /* MyContentExtension */ = {
			isa = PBXNativeTarget;
			buildConfigurationList = 233C07072040443B0001A266 /* Build configuration list for PBXNativeTarget "MyContentExtension" */;
			buildPhases = (
				233C06F32040443B0001A266 /* Sources */,
				233C06F42040443B0001A266 /* Frameworks */,
				233C06F52040443B0001A266 /* Resources */,
			);
			buildRules = (
			);
			dependencies = (
			);
			name = MyContentExtension;
			productName = MyContentExtension;
			productReference = 233C06F72040443B0001A266 /* MyContentExtension.appex */;
			productType = "com.apple.product-type.app-extension";
		};
/* End PBXNativeTarget section */

/* Begin PBXProject section */
		233C06C620402BF30001A266 /* Project object */ = {
			isa = PBXProject;
			attributes = {
				LastSwiftUpdateCheck = 0920;
				LastUpgradeCheck = 0920;
				ORGANIZATIONNAME = "Jakub Slawecki";
				TargetAttributes = {
					233C06CD20402BF30001A266 = {
						CreatedOnToolsVersion = 9.2;
						ProvisioningStyle = Automatic;
					};
					233C06E120402BF40001A266 = {
						CreatedOnToolsVersion = 9.2;
						ProvisioningStyle = Automatic;
						TestTargetID = 233C06CD20402BF30001A266;
					};
					233C06F62040443B0001A266 = {
						CreatedOnToolsVersion = 9.2;
						ProvisioningStyle = Automatic;
					};
				};
			};
			buildConfigurationList = 233C06C920402BF30001A266 /* Build configuration list for PBXProject "Notifications" */;
			compatibilityVersion = "Xcode 8.0";
			developmentRegion = en;
			hasScannedForEncodings = 0;
			knownRegions = (
				en,
				Base,
			);
			mainGroup = 233C06C520402BF30001A266;
			productRefGroup = 233C06CF20402BF40001A266 /* Products */;
			projectDirPath = "";
			projectRoot = "";
			targets = (
				233C06CD20402BF30001A266 /* Notifications */,
				233C06E120402BF40001A266 /* NotificationsTests */,
				233C06F62040443B0001A266 /* MyContentExtension */,
			);
		};
/* End PBXProject section */

/* Begin PBXResourcesBuildPhase section */
		233C06CC20402BF30001A266 /* Resources */ = {
			isa = PBXResourcesBuildPhase;
			buildActionMask = 2147483647;
			files = (
				233C06DC20402BF40001A266 /* LaunchScreen.storyboard in Resources */,
				233C06F2204035E30001A266 /* gazetka.jpg in Resources */,
				233C06D920402BF40001A266 /* Assets.xcassets in Resources */,
				233C06D720402BF40001A266 /* Main.storyboard in Resources */,
			);
			runOnlyForDeploymentPostprocessing = 0;
		};
		233C06E020402BF40001A266 /* Resources */ = {
			isa = PBXResourcesBuildPhase;
			buildActionMask = 2147483647;
			files = (
			);
			runOnlyForDeploymentPostprocessing = 0;
		};
		233C06F52040443B0001A266 /* Resources */ = {
			isa = PBXResourcesBuildPhase;
			buildActionMask = 2147483647;
			files = (
				233C07022040443B0001A266 /* MainInterface.storyboard in Resources */,
			);
			runOnlyForDeploymentPostprocessing = 0;
		};
/* End PBXResourcesBuildPhase section */

/* Begin PBXSourcesBuildPhase section */
		233C06CA20402BF30001A266 /* Sources */ = {
			isa = PBXSourcesBuildPhase;
			buildActionMask = 2147483647;
			files = (
				233C06D420402BF40001A266 /* ViewController.swift in Sources */,
				233C06D220402BF40001A266 /* AppDelegate.swift in Sources */,
			);
			runOnlyForDeploymentPostprocessing = 0;
		};
		233C06DE20402BF40001A266 /* Sources */ = {
			isa = PBXSourcesBuildPhase;
			buildActionMask = 2147483647;
			files = (
				233C06E720402BF40001A266 /* NotificationsTests.swift in Sources */,
			);
			runOnlyForDeploymentPostprocessing = 0;
		};
		233C06F32040443B0001A266 /* Sources */ = {
			isa = PBXSourcesBuildPhase;
			buildActionMask = 2147483647;
			files = (
				233C06FF2040443B0001A266 /* NotificationViewController.swift in Sources */,
			);
			runOnlyForDeploymentPostprocessing = 0;
		};
/* End PBXSourcesBuildPhase section */

/* Begin PBXTargetDependency section */
		233C06E420402BF40001A266 /* PBXTargetDependency */ = {
			isa = PBXTargetDependency;
			target = 233C06CD20402BF30001A266 /* Notifications */;
			targetProxy = 233C06E320402BF40001A266 /* PBXContainerItemProxy */;
		};
		233C07052040443B0001A266 /* PBXTargetDependency */ = {
			isa = PBXTargetDependency;
			target = 233C06F62040443B0001A266 /* MyContentExtension */;
			targetProxy = 233C07042040443B0001A266 /* PBXContainerItemProxy */;
		};
/* End PBXTargetDependency section */

/* Begin PBXVariantGroup section */
		233C06D520402BF40001A266 /* Main.storyboard */ = {
			isa = PBXVariantGroup;
			children = (
				233C06D620402BF40001A266 /* Base */,
			);
			name = Main.storyboard;
			sourceTree = "<group>";
		};
		233C06DA20402BF40001A266 /* LaunchScreen.storyboard */ = {
			isa = PBXVariantGroup;
			children = (
				233C06DB20402BF40001A266 /* Base */,
			);
			name = LaunchScreen.storyboard;
			sourceTree = "<group>";
		};
		233C07002040443B0001A266 /* MainInterface.storyboard */ = {
			isa = PBXVariantGroup;
			children = (
				233C07012040443B0001A266 /* Base */,
			);
			name = MainInterface.storyboard;
			sourceTree = "<group>";
		};
/* End PBXVariantGroup section */

/* Begin XCBuildConfiguration section */
		233C06E920402BF40001A266 /* Debug */ = {
			isa = XCBuildConfiguration;
			buildSettings = {
				ALWAYS_SEARCH_USER_PATHS = NO;
				CLANG_ANALYZER_NONNULL = YES;
				CLANG_ANALYZER_NUMBER_OBJECT_CONVERSION = YES_AGGRESSIVE;
				CLANG_CXX_LANGUAGE_STANDARD = "gnu++14";
				CLANG_CXX_LIBRARY = "libc++";
				CLANG_ENABLE_MODULES = YES;
				CLANG_ENABLE_OBJC_ARC = YES;
				CLANG_WARN_BLOCK_CAPTURE_AUTORELEASING = YES;
				CLANG_WARN_BOOL_CONVERSION = YES;
				CLANG_WARN_COMMA = YES;
				CLANG_WARN_CONSTANT_CONVERSION = YES;
				CLANG_WARN_DIRECT_OBJC_ISA_USAGE = YES_ERROR;
				CLANG_WARN_DOCUMENTATION_COMMENTS = YES;
				CLANG_WARN_EMPTY_BODY = YES;
				CLANG_WARN_ENUM_CONVERSION = YES;
				CLANG_WARN_INFINITE_RECURSION = YES;
				CLANG_WARN_INT_CONVERSION = YES;
				CLANG_WARN_NON_LITERAL_NULL_CONVERSION = YES;
				CLANG_WARN_OBJC_LITERAL_CONVERSION = YES;
				CLANG_WARN_OBJC_ROOT_CLASS = YES_ERROR;
				CLANG_WARN_RANGE_LOOP_ANALYSIS = YES;
				CLANG_WARN_STRICT_PROTOTYPES = YES;
				CLANG_WARN_SUSPICIOUS_MOVE = YES;
				CLANG_WARN_UNGUARDED_AVAILABILITY = YES_AGGRESSIVE;
				CLANG_WARN_UNREACHABLE_CODE = YES;
				CLANG_WARN__DUPLICATE_METHOD_MATCH = YES;
				CODE_SIGN_IDENTITY = "iPhone Developer";
				COPY_PHASE_STRIP = NO;
				DEBUG_INFORMATION_FORMAT = dwarf;
				ENABLE_STRICT_OBJC_MSGSEND = YES;
				ENABLE_TESTABILITY = YES;
				GCC_C_LANGUAGE_STANDARD = gnu11;
				GCC_DYNAMIC_NO_PIC = NO;
				GCC_NO_COMMON_BLOCKS = YES;
				GCC_OPTIMIZATION_LEVEL = 0;
				GCC_PREPROCESSOR_DEFINITIONS = (
					"DEBUG=1",
					"$(inherited)",
				);
				GCC_WARN_64_TO_32_BIT_CONVERSION = YES;
				GCC_WARN_ABOUT_RETURN_TYPE = YES_ERROR;
				GCC_WARN_UNDECLARED_SELECTOR = YES;
				GCC_WARN_UNINITIALIZED_AUTOS = YES_AGGRESSIVE;
				GCC_WARN_UNUSED_FUNCTION = YES;
				GCC_WARN_UNUSED_VARIABLE = YES;
				IPHONEOS_DEPLOYMENT_TARGET = 11.2;
				MTL_ENABLE_DEBUG_INFO = YES;
				ONLY_ACTIVE_ARCH = YES;
				SDKROOT = iphoneos;
				SWIFT_ACTIVE_COMPILATION_CONDITIONS = DEBUG;
				SWIFT_OPTIMIZATION_LEVEL = "-Onone";
			};
			name = Debug;
		};
		233C06EA20402BF40001A266 /* Release */ = {
			isa = XCBuildConfiguration;
			buildSettings = {
				ALWAYS_SEARCH_USER_PATHS = NO;
				CLANG_ANALYZER_NONNULL = YES;
				CLANG_ANALYZER_NUMBER_OBJECT_CONVERSION = YES_AGGRESSIVE;
				CLANG_CXX_LANGUAGE_STANDARD = "gnu++14";
				CLANG_CXX_LIBRARY = "libc++";
				CLANG_ENABLE_MODULES = YES;
				CLANG_ENABLE_OBJC_ARC = YES;
				CLANG_WARN_BLOCK_CAPTURE_AUTORELEASING = YES;
				CLANG_WARN_BOOL_CONVERSION = YES;
				CLANG_WARN_COMMA = YES;
				CLANG_WARN_CONSTANT_CONVERSION = YES;
				CLANG_WARN_DIRECT_OBJC_ISA_USAGE = YES_ERROR;
				CLANG_WARN_DOCUMENTATION_COMMENTS = YES;
				CLANG_WARN_EMPTY_BODY = YES;
				CLANG_WARN_ENUM_CONVERSION = YES;
				CLANG_WARN_INFINITE_RECURSION = YES;
				CLANG_WARN_INT_CONVERSION = YES;
				CLANG_WARN_NON_LITERAL_NULL_CONVERSION = YES;
				CLANG_WARN_OBJC_LITERAL_CONVERSION = YES;
				CLANG_WARN_OBJC_ROOT_CLASS = YES_ERROR;
				CLANG_WARN_RANGE_LOOP_ANALYSIS = YES;
				CLANG_WARN_STRICT_PROTOTYPES = YES;
				CLANG_WARN_SUSPICIOUS_MOVE = YES;
				CLANG_WARN_UNGUARDED_AVAILABILITY = YES_AGGRESSIVE;
				CLANG_WARN_UNREACHABLE_CODE = YES;
				CLANG_WARN__DUPLICATE_METHOD_MATCH = YES;
				CODE_SIGN_IDENTITY = "iPhone Developer";
				COPY_PHASE_STRIP = NO;
				DEBUG_INFORMATION_FORMAT = "dwarf-with-dsym";
				ENABLE_NS_ASSERTIONS = NO;
				ENABLE_STRICT_OBJC_MSGSEND = YES;
				GCC_C_LANGUAGE_STANDARD = gnu11;
				GCC_NO_COMMON_BLOCKS = YES;
				GCC_WARN_64_TO_32_BIT_CONVERSION = YES;
				GCC_WARN_ABOUT_RETURN_TYPE = YES_ERROR;
				GCC_WARN_UNDECLARED_SELECTOR = YES;
				GCC_WARN_UNINITIALIZED_AUTOS = YES_AGGRESSIVE;
				GCC_WARN_UNUSED_FUNCTION = YES;
				GCC_WARN_UNUSED_VARIABLE = YES;
				IPHONEOS_DEPLOYMENT_TARGET = 11.2;
				MTL_ENABLE_DEBUG_INFO = NO;
				SDKROOT = iphoneos;
				SWIFT_OPTIMIZATION_LEVEL = "-Owholemodule";
				VALIDATE_PRODUCT = YES;
			};
			name = Release;
		};
		233C06EC20402BF40001A266 /* Debug */ = {
			isa = XCBuildConfiguration;
			buildSettings = {
				ALWAYS_EMBED_SWIFT_STANDARD_LIBRARIES = YES;
				ASSETCATALOG_COMPILER_APPICON_NAME = AppIcon;
				CODE_SIGN_STYLE = Automatic;
				DEVELOPMENT_TEAM = TNJ5QF4LT5;
				INFOPLIST_FILE = Notifications/Info.plist;
				LD_RUNPATH_SEARCH_PATHS = "$(inherited) @executable_path/Frameworks";
				PRODUCT_BUNDLE_IDENTIFIER = JS.Notifications;
				PRODUCT_NAME = "$(TARGET_NAME)";
				SWIFT_VERSION = 4.0;
				TARGETED_DEVICE_FAMILY = "1,2";
			};
			name = Debug;
		};
		233C06ED20402BF40001A266 /* Release */ = {
			isa = XCBuildConfiguration;
			buildSettings = {
				ALWAYS_EMBED_SWIFT_STANDARD_LIBRARIES = YES;
				ASSETCATALOG_COMPILER_APPICON_NAME = AppIcon;
				CODE_SIGN_STYLE = Automatic;
				DEVELOPMENT_TEAM = TNJ5QF4LT5;
				INFOPLIST_FILE = Notifications/Info.plist;
				LD_RUNPATH_SEARCH_PATHS = "$(inherited) @executable_path/Frameworks";
				PRODUCT_BUNDLE_IDENTIFIER = JS.Notifications;
				PRODUCT_NAME = "$(TARGET_NAME)";
				SWIFT_VERSION = 4.0;
				TARGETED_DEVICE_FAMILY = "1,2";
			};
			name = Release;
		};
		233C06EF20402BF40001A266 /* Debug */ = {
			isa = XCBuildConfiguration;
			buildSettings = {
				ALWAYS_EMBED_SWIFT_STANDARD_LIBRARIES = YES;
				BUNDLE_LOADER = "$(TEST_HOST)";
				CODE_SIGN_STYLE = Automatic;
				DEVELOPMENT_TEAM = TNJ5QF4LT5;
				INFOPLIST_FILE = NotificationsTests/Info.plist;
				LD_RUNPATH_SEARCH_PATHS = "$(inherited) @executable_path/Frameworks @loader_path/Frameworks";
				PRODUCT_BUNDLE_IDENTIFIER = JS.NotificationsTests;
				PRODUCT_NAME = "$(TARGET_NAME)";
				SWIFT_VERSION = 4.0;
				TARGETED_DEVICE_FAMILY = "1,2";
				TEST_HOST = "$(BUILT_PRODUCTS_DIR)/Notifications.app/Notifications";
			};
			name = Debug;
		};
		233C06F020402BF40001A266 /* Release */ = {
			isa = XCBuildConfiguration;
			buildSettings = {
				ALWAYS_EMBED_SWIFT_STANDARD_LIBRARIES = YES;
				BUNDLE_LOADER = "$(TEST_HOST)";
				CODE_SIGN_STYLE = Automatic;
				DEVELOPMENT_TEAM = TNJ5QF4LT5;
				INFOPLIST_FILE = NotificationsTests/Info.plist;
				LD_RUNPATH_SEARCH_PATHS = "$(inherited) @executable_path/Frameworks @loader_path/Frameworks";
				PRODUCT_BUNDLE_IDENTIFIER = JS.NotificationsTests;
				PRODUCT_NAME = "$(TARGET_NAME)";
				SWIFT_VERSION = 4.0;
				TARGETED_DEVICE_FAMILY = "1,2";
				TEST_HOST = "$(BUILT_PRODUCTS_DIR)/Notifications.app/Notifications";
			};
			name = Release;
		};
		233C07082040443B0001A266 /* Debug */ = {
			isa = XCBuildConfiguration;
			buildSettings = {
				CODE_SIGN_STYLE = Automatic;
				DEVELOPMENT_TEAM = TNJ5QF4LT5;
				INFOPLIST_FILE = MyContentExtension/Info.plist;
				LD_RUNPATH_SEARCH_PATHS = "$(inherited) @executable_path/Frameworks @executable_path/../../Frameworks";
				PRODUCT_BUNDLE_IDENTIFIER = JS.Notifications.MyContentExtension;
				PRODUCT_NAME = "$(TARGET_NAME)";
				SKIP_INSTALL = YES;
				SWIFT_VERSION = 4.0;
				TARGETED_DEVICE_FAMILY = "1,2";
			};
			name = Debug;
		};
		233C07092040443B0001A266 /* Release */ = {
			isa = XCBuildConfiguration;
			buildSettings = {
				CODE_SIGN_STYLE = Automatic;
				DEVELOPMENT_TEAM = TNJ5QF4LT5;
				INFOPLIST_FILE = MyContentExtension/Info.plist;
				LD_RUNPATH_SEARCH_PATHS = "$(inherited) @executable_path/Frameworks @executable_path/../../Frameworks";
				PRODUCT_BUNDLE_IDENTIFIER = JS.Notifications.MyContentExtension;
				PRODUCT_NAME = "$(TARGET_NAME)";
				SKIP_INSTALL = YES;
				SWIFT_VERSION = 4.0;
				TARGETED_DEVICE_FAMILY = "1,2";
			};
			name = Release;
		};
/* End XCBuildConfiguration section */

/* Begin XCConfigurationList section */
		233C06C920402BF30001A266 /* Build configuration list for PBXProject "Notifications" */ = {
			isa = XCConfigurationList;
			buildConfigurations = (
				233C06E920402BF40001A266 /* Debug */,
				233C06EA20402BF40001A266 /* Release */,
			);
			defaultConfigurationIsVisible = 0;
			defaultConfigurationName = Release;
		};
		233C06EB20402BF40001A266 /* Build configuration list for PBXNativeTarget "Notifications" */ = {
			isa = XCConfigurationList;
			buildConfigurations = (
				233C06EC20402BF40001A266 /* Debug */,
				233C06ED20402BF40001A266 /* Release */,
			);
			defaultConfigurationIsVisible = 0;
			defaultConfigurationName = Release;
		};
		233C06EE20402BF40001A266 /* Build configuration list for PBXNativeTarget "NotificationsTests" */ = {
			isa = XCConfigurationList;
			buildConfigurations = (
				233C06EF20402BF40001A266 /* Debug */,
				233C06F020402BF40001A266 /* Release */,
			);
			defaultConfigurationIsVisible = 0;
			defaultConfigurationName = Release;
		};
		233C07072040443B0001A266 /* Build configuration list for PBXNativeTarget "MyContentExtension" */ = {
			isa = XCConfigurationList;
			buildConfigurations = (
				233C07082040443B0001A266 /* Debug */,
				233C07092040443B0001A266 /* Release */,
			);
			defaultConfigurationIsVisible = 0;
			defaultConfigurationName = Release;
		};
/* End XCConfigurationList section */
	};
	rootObject = 233C06C620402BF30001A266 /* Project object */;
}
